
Microsoft Visual Studio Solution File, Format Version 12.00
# Visual Studio Version 17
VisualStudioVersion = 17.9.34723.18
MinimumVisualStudioVersion = 10.0.40219.1
Project("{FAE04EC0-301F-11D3-BF4B-00C04F79EFBC}") = "sec5", "sec5\sec5.csproj", "{3920ABB8-4562-4749-BDE4-6D2BDE242112}"
EndProject
Global
	GlobalSection(SolutionConfigurationPlatforms) = preSolution
		Debug|Any CPU = Debug|Any CPU
		Release|Any CPU = Release|Any CPU
	EndGlobalSection
	GlobalSection(ProjectConfigurationPlatforms) = postSolution
		{3920ABB8-4562-4749-BDE4-6D2BDE242112}.Debug|Any CPU.ActiveCfg = Debug|Any CPU
		{3920ABB8-4562-4749-BDE4-6D2BDE242112}.Debug|Any CPU.Build.0 = Debug|Any CPU
		{3920ABB8-4562-4749-BDE4-6D2BDE242112}.Release|Any CPU.ActiveCfg = Release|Any CPU
		{3920ABB8-4562-4749-BDE4-6D2BDE242112}.Release|Any CPU.Build.0 = Release|Any CPU
	EndGlobalSection
	GlobalSection(SolutionProperties) = preSolution
		HideSolutionNode = FALSE
	EndGlobalSection
	GlobalSection(ExtensibilityGlobals) = postSolution
		SolutionGuid = {D9AD821A-36D1-446C-8A4A-C704DABE482E}
	EndGlobalSection
EndGlobal
